<Solution>
  <Folder Name="/Database/">
    <Project Path="Database/HTServices/HT.Services/HT.Services.sqlproj" Type="42ea0dbd-9cf1-443e-919e-be9c484e4577" Id="9252ed19-5266-4d80-be79-a19849f6de9a" />
  </Folder>
  <Folder Name="/Libraries/" />
  <Folder Name="/Libraries/ApiContracts/">
    <Project Path="Libraries/ApiContracts/HT.Api.Service.Contracts/HT.Api.Service.Contracts.csproj" />
    <Project Path="Libraries/ApiContracts/HT.ApiContracts/HT.ApiContracts.csproj" />
  </Folder>
  <Folder Name="/Libraries/Collections/">
    <Project Path="Libraries/Collections/HT.Collections/HT.Collections.csproj" />
  </Folder>
  <Folder Name="/Libraries/Configuration/">
    <Project Path="Libraries/Configuration/HT.Microsoft.IConfiguration.Extensions/HT.Microsoft.IConfiguration.Extensions.csproj" />
  </Folder>
  <Folder Name="/Libraries/Logging/">
    <Project Path="Libraries/Logging/HT.Microsoft.ILogger.Extensions/HT.Microsoft.ILogger.Extensions.csproj" />
  </Folder>
  <Folder Name="/Libraries/SqlClient/">
    <Project Path="Libraries/SqlClient/HT.Microsoft.SqlClient.Abstractions/HT.Microsoft.SqlClient.Extensions.Abstractions.csproj" />
    <Project Path="Libraries/SqlClient/HT.Microsoft.SqlClient.Extensions/HT.Microsoft.SqlClient.Extensions.csproj" />
  </Folder>
  <Folder Name="/Modules/" />
  <Folder Name="/Modules/Common/">
    <Project Path="Modules/Common/ResourceMapper.Common.Client/ResourceMapper.Common.Client.csproj" />
    <Project Path="Modules/Common/ResourceMapper.Common.Server/ResourceMapper.Common.Server.csproj" />
    <Project Path="Modules/Common/ResourceMapper.Common.Shared/ResourceMapper.Common.Shared.csproj" />
  </Folder>
  <Folder Name="/Modules/Feature1/">
    <Project Path="Modules/Feature1/ResourceMapper.Feature1.Client/ResourceMapper.Feature1.Client.csproj" />
    <Project Path="Modules/Feature1/ResourceMapper.Feature1.Server/ResourceMapper.Feature1.Server.csproj" />
    <Project Path="Modules/Feature1/ResourceMapper.Feature1.Shared/ResourceMapper.Feature1.Shared.csproj" />
  </Folder>
  <Folder Name="/UI &amp; Hosts/">
    <Project Path="UI/ResourceMapper.UI.Client/ResourceMapper.UI.Client.csproj" />
    <Project Path="UI/ResourceMapper.UI.Server/ResourceMapper.UI.Server.csproj" />
  </Folder>
  <Folder Name="/_Solution Documents/">
    <File Path="README.md" />
  </Folder>
</Solution>
