<Solution>
  <Folder Name="/Database/">
    <Project Path="Database/HTResourceMapperDb/HTResourceMapperDb.sqlproj" Id="3d5ce90e-8f6e-41f1-93f0-f04a394dbb88">
      <Build />
      <Deploy />
    </Project>
  </Folder>
  <Folder Name="/Libraries/" />
  <Folder Name="/Libraries/ApiContracts/">
    <Project Path="Libraries/ApiContracts/HT.Api.Service.Contracts/HT.Api.Service.Contracts.csproj" />
    <Project Path="Libraries/ApiContracts/HT.ApiContracts/HT.Api.Client.Contracts.csproj" />
  </Folder>
  <Folder Name="/Libraries/ApiContracts/_Tests/">
    <Project Path="Libraries/ApiContracts/__Tests/HT.Api.Client.Contracts.Tests/HT.Api.Client.Contracts.Tests.csproj" Id="72111eaa-2191-410a-baad-3ccf59827784" />
    <Project Path="Libraries/ApiContracts/__Tests/HT.Api.Service.Contracts.Tests/HT.Api.Service.Contracts.Tests.csproj" Id="638347df-92c5-4f15-90b5-149fd126467e" />
  </Folder>
  <Folder Name="/Libraries/Collections/">
    <Project Path="Libraries/Collections/HT.Collections/HT.Collections.csproj" />
  </Folder>
  <Folder Name="/Libraries/Configuration/">
    <Project Path="Libraries/Configuration/HT.Microsoft.IConfiguration.Extensions/HT.Microsoft.IConfiguration.Extensions.csproj" />
  </Folder>
  <Folder Name="/Libraries/Logging/">
    <Project Path="Libraries/Logging/HT.Microsoft.ILogger.Extensions/HT.Microsoft.ILogger.Extensions.csproj" />
  </Folder>
  <Folder Name="/Libraries/SqlClient/">
    <Project Path="Libraries/SqlClient/HT.Microsoft.SqlClient.Abstractions/HT.Microsoft.SqlClient.Extensions.Abstractions.csproj" />
    <Project Path="Libraries/SqlClient/HT.Microsoft.SqlClient.Extensions/HT.Microsoft.SqlClient.Extensions.csproj" />
  </Folder>
  <Folder Name="/Modules/" />
  <Folder Name="/Modules/Common/">
    <Project Path="Modules/Common/ResourceMapper.Common.Client/ResourceMapper.Common.Client.csproj" />
    <Project Path="Modules/Common/ResourceMapper.Common.Server/ResourceMapper.Common.Server.csproj" />
    <Project Path="Modules/Common/ResourceMapper.Common.Shared/ResourceMapper.Common.Shared.csproj" />
  </Folder>
  <Folder Name="/UI &amp; Hosts/">
    <Project Path="UI/ResourceMapper.UI.Client/ResourceMapper.UI.Client.csproj" />
    <Project Path="UI/ResourceMapper.UI.Server/ResourceMapper.UI.Server.csproj" />
  </Folder>
  <Folder Name="/_Solution Documents/">
    <File Path="Directory.Build.props" />
    <File Path="Directory.Packages.props" />
    <File Path="README.md" />
  </Folder>
  <Folder Name="/_Tests/">
    <Project Path="_Tests/Common/Server/ResourceMapper.Common.Server.Tests/ResourceMapper.Common.Server.Tests.csproj" Id="88712550-c467-4d7e-9981-6df973495f58" />
  </Folder>
</Solution>
